
Microsoft Visual Studio Solution File, Format Version 12.00
# Visual Studio Version 16
VisualStudioVersion = 16.0.30104.148
MinimumVisualStudioVersion = 10.0.40219.1
Project("{FAE04EC0-301F-11D3-BF4B-00C04F79EFBC}") = "Personal Asistant", "Personal Asistant\Personal Asistant.csproj", "{BDD90ED2-4948-48F8-8E2C-1DF729289F92}"
EndProject
Global
	GlobalSection(SolutionConfigurationPlatforms) = preSolution
		Debug|Any CPU = Debug|Any CPU
		Release|Any CPU = Release|Any CPU
	EndGlobalSection
	GlobalSection(ProjectConfigurationPlatforms) = postSolution
		{BDD90ED2-4948-48F8-8E2C-1DF729289F92}.Debug|Any CPU.ActiveCfg = Debug|Any CPU
		{BDD90ED2-4948-48F8-8E2C-1DF729289F92}.Debug|Any CPU.Build.0 = Debug|Any CPU
		{BDD90ED2-4948-48F8-8E2C-1DF729289F92}.Release|Any CPU.ActiveCfg = Release|Any CPU
		{BDD90ED2-4948-48F8-8E2C-1DF729289F92}.Release|Any CPU.Build.0 = Release|Any CPU
	EndGlobalSection
	GlobalSection(SolutionProperties) = preSolution
		HideSolutionNode = FALSE
	EndGlobalSection
	GlobalSection(ExtensibilityGlobals) = postSolution
		SolutionGuid = {C75BBEBA-8D63-4193-A8C2-AE5E7B5949CA}
	EndGlobalSection
EndGlobal
